
Microsoft Visual Studio Solution File, Format Version 12.00
# Visual Studio Version 17
VisualStudioVersion = 17.8.34330.188
MinimumVisualStudioVersion = 10.0.40219.1
Project("{9A19103F-16F7-4668-BE54-9A1E7A4F7556}") = "Factory method", "Factory method\Factory method.csproj", "{F7D09488-D43B-4EAA-80C6-E24011ECD675}"
EndProject
Project("{9A19103F-16F7-4668-BE54-9A1E7A4F7556}") = "Abstract Method", "Abstract Method\Abstract Method.csproj", "{13CD980E-3001-4467-A4D6-58E75CE08234}"
EndProject
Project("{9A19103F-16F7-4668-BE54-9A1E7A4F7556}") = "Singleton", "Singleton\Singleton.csproj", "{D1E987B5-4B96-437D-AE9D-BF24F00B6FF1}"
EndProject
Project("{9A19103F-16F7-4668-BE54-9A1E7A4F7556}") = "Prototype", "Prototype\Prototype.csproj", "{620065F5-09BF-4CCF-ADD9-44DEB8A5A17E}"
EndProject
Project("{FAE04EC0-301F-11D3-BF4B-00C04F79EFBC}") = "Builder", "Builder\Builder.csproj", "{55A9699A-94E3-42A7-869A-1F57F58A25F7}"
EndProject
Global
	GlobalSection(SolutionConfigurationPlatforms) = preSolution
		Debug|Any CPU = Debug|Any CPU
		Release|Any CPU = Release|Any CPU
	EndGlobalSection
	GlobalSection(ProjectConfigurationPlatforms) = postSolution
		{F7D09488-D43B-4EAA-80C6-E24011ECD675}.Debug|Any CPU.ActiveCfg = Debug|Any CPU
		{F7D09488-D43B-4EAA-80C6-E24011ECD675}.Debug|Any CPU.Build.0 = Debug|Any CPU
		{F7D09488-D43B-4EAA-80C6-E24011ECD675}.Release|Any CPU.ActiveCfg = Release|Any CPU
		{F7D09488-D43B-4EAA-80C6-E24011ECD675}.Release|Any CPU.Build.0 = Release|Any CPU
		{13CD980E-3001-4467-A4D6-58E75CE08234}.Debug|Any CPU.ActiveCfg = Debug|Any CPU
		{13CD980E-3001-4467-A4D6-58E75CE08234}.Debug|Any CPU.Build.0 = Debug|Any CPU
		{13CD980E-3001-4467-A4D6-58E75CE08234}.Release|Any CPU.ActiveCfg = Release|Any CPU
		{13CD980E-3001-4467-A4D6-58E75CE08234}.Release|Any CPU.Build.0 = Release|Any CPU
		{D1E987B5-4B96-437D-AE9D-BF24F00B6FF1}.Debug|Any CPU.ActiveCfg = Debug|Any CPU
		{D1E987B5-4B96-437D-AE9D-BF24F00B6FF1}.Debug|Any CPU.Build.0 = Debug|Any CPU
		{D1E987B5-4B96-437D-AE9D-BF24F00B6FF1}.Release|Any CPU.ActiveCfg = Release|Any CPU
		{D1E987B5-4B96-437D-AE9D-BF24F00B6FF1}.Release|Any CPU.Build.0 = Release|Any CPU
		{620065F5-09BF-4CCF-ADD9-44DEB8A5A17E}.Debug|Any CPU.ActiveCfg = Debug|Any CPU
		{620065F5-09BF-4CCF-ADD9-44DEB8A5A17E}.Debug|Any CPU.Build.0 = Debug|Any CPU
		{620065F5-09BF-4CCF-ADD9-44DEB8A5A17E}.Release|Any CPU.ActiveCfg = Release|Any CPU
		{620065F5-09BF-4CCF-ADD9-44DEB8A5A17E}.Release|Any CPU.Build.0 = Release|Any CPU
		{55A9699A-94E3-42A7-869A-1F57F58A25F7}.Debug|Any CPU.ActiveCfg = Debug|Any CPU
		{55A9699A-94E3-42A7-869A-1F57F58A25F7}.Debug|Any CPU.Build.0 = Debug|Any CPU
		{55A9699A-94E3-42A7-869A-1F57F58A25F7}.Release|Any CPU.ActiveCfg = Release|Any CPU
		{55A9699A-94E3-42A7-869A-1F57F58A25F7}.Release|Any CPU.Build.0 = Release|Any CPU
	EndGlobalSection
	GlobalSection(SolutionProperties) = preSolution
		HideSolutionNode = FALSE
	EndGlobalSection
	GlobalSection(ExtensibilityGlobals) = postSolution
		SolutionGuid = {B9CA660B-7C14-46E5-B686-7F55141CB3BB}
	EndGlobalSection
EndGlobal
