
Microsoft Visual Studio Solution File, Format Version 12.00
# Visual Studio Version 17
VisualStudioVersion = 17.8.34330.188
MinimumVisualStudioVersion = 10.0.40219.1
Project("{9A19103F-16F7-4668-BE54-9A1E7A4F7556}") = "ProgramTest", "ProgramTest\ProgramTest.csproj", "{92AD1C6F-2493-4686-8CD5-D4B78534F192}"
EndProject
Project("{9A19103F-16F7-4668-BE54-9A1E7A4F7556}") = "MoneyClassLibrary", "MoneyClassLibrary\MoneyClassLibrary.csproj", "{8DFB5439-4B75-41E7-B87E-0491F94C36FB}"
EndProject
Project("{9A19103F-16F7-4668-BE54-9A1E7A4F7556}") = "ProductClassLibrary", "Product\ProductClassLibrary.csproj", "{FD4BE903-289E-4921-BA48-96A3F3C230CE}"
EndProject
Project("{9A19103F-16F7-4668-BE54-9A1E7A4F7556}") = "WarehouseClassLibrary", "WarehouseClassLibrary\WarehouseClassLibrary.csproj", "{2978B58D-B73E-427D-B204-0738615B71BF}"
EndProject
Project("{FAE04EC0-301F-11D3-BF4B-00C04F79EFBC}") = "ReportingClassLibrary", "ReportingClassLibrary\ReportingClassLibrary.csproj", "{118A3927-1183-43D5-8DAA-B0964E77B3EE}"
EndProject
Global
	GlobalSection(SolutionConfigurationPlatforms) = preSolution
		Debug|Any CPU = Debug|Any CPU
		Release|Any CPU = Release|Any CPU
	EndGlobalSection
	GlobalSection(ProjectConfigurationPlatforms) = postSolution
		{92AD1C6F-2493-4686-8CD5-D4B78534F192}.Debug|Any CPU.ActiveCfg = Debug|Any CPU
		{92AD1C6F-2493-4686-8CD5-D4B78534F192}.Debug|Any CPU.Build.0 = Debug|Any CPU
		{92AD1C6F-2493-4686-8CD5-D4B78534F192}.Release|Any CPU.ActiveCfg = Release|Any CPU
		{92AD1C6F-2493-4686-8CD5-D4B78534F192}.Release|Any CPU.Build.0 = Release|Any CPU
		{8DFB5439-4B75-41E7-B87E-0491F94C36FB}.Debug|Any CPU.ActiveCfg = Debug|Any CPU
		{8DFB5439-4B75-41E7-B87E-0491F94C36FB}.Debug|Any CPU.Build.0 = Debug|Any CPU
		{8DFB5439-4B75-41E7-B87E-0491F94C36FB}.Release|Any CPU.ActiveCfg = Release|Any CPU
		{8DFB5439-4B75-41E7-B87E-0491F94C36FB}.Release|Any CPU.Build.0 = Release|Any CPU
		{FD4BE903-289E-4921-BA48-96A3F3C230CE}.Debug|Any CPU.ActiveCfg = Debug|Any CPU
		{FD4BE903-289E-4921-BA48-96A3F3C230CE}.Debug|Any CPU.Build.0 = Debug|Any CPU
		{FD4BE903-289E-4921-BA48-96A3F3C230CE}.Release|Any CPU.ActiveCfg = Release|Any CPU
		{FD4BE903-289E-4921-BA48-96A3F3C230CE}.Release|Any CPU.Build.0 = Release|Any CPU
		{2978B58D-B73E-427D-B204-0738615B71BF}.Debug|Any CPU.ActiveCfg = Debug|Any CPU
		{2978B58D-B73E-427D-B204-0738615B71BF}.Debug|Any CPU.Build.0 = Debug|Any CPU
		{2978B58D-B73E-427D-B204-0738615B71BF}.Release|Any CPU.ActiveCfg = Release|Any CPU
		{2978B58D-B73E-427D-B204-0738615B71BF}.Release|Any CPU.Build.0 = Release|Any CPU
		{118A3927-1183-43D5-8DAA-B0964E77B3EE}.Debug|Any CPU.ActiveCfg = Debug|Any CPU
		{118A3927-1183-43D5-8DAA-B0964E77B3EE}.Debug|Any CPU.Build.0 = Debug|Any CPU
		{118A3927-1183-43D5-8DAA-B0964E77B3EE}.Release|Any CPU.ActiveCfg = Release|Any CPU
		{118A3927-1183-43D5-8DAA-B0964E77B3EE}.Release|Any CPU.Build.0 = Release|Any CPU
	EndGlobalSection
	GlobalSection(SolutionProperties) = preSolution
		HideSolutionNode = FALSE
	EndGlobalSection
	GlobalSection(ExtensibilityGlobals) = postSolution
		SolutionGuid = {884A5A1B-496D-469F-80AB-AA18208E268A}
	EndGlobalSection
EndGlobal
